github.com/algorand/go-algorand-sdk/v2 v2.4.0 h1:R9ykarfk0ojAZlXlrysViDwWjHrvUMA0HmFHg9PmECw=
github.com/algorand/go-algorand-sdk/v2 v2.4.0/go.mod h1:Xk569fTpBTV0QtE74+79NTl6Rz3OC1K3iods4uG0ffU=
github.com/algorand/go-codec/codec v1.1.10 h1:zmWYU1cp64jQVTOG8Tw8wa+k0VfwgXIPbnDfiVa+5QA=
github.com/algorand/go-codec/codec v1.1.10/go.mod h1:YkEx5nmr/zuCeaDYOIhlDg92Lxju8tj2d2NrYqP7g7k=
github.com/google/go-querystring v1.1.0 h1:AnCroh3fv4ZBgVIf1Iwtovgjaw/GiKJo8M8yD/fhyJ8=
github.com/google/go-querystring v1.1.0/go.mod h1:Kcdr2DB4koayq7X8pmAG4sNG59So17icRSOU623lUBU=
github.com/xi/go-tinyqr v0.0.0-20240301090407-6f68f6a22bfd h1:c45SBsoG4C2oNKq7b+nNCwdpRIdPUTBJmz4hkQJGCrY=
github.com/xi/go-tinyqr v0.0.0-20240301090407-6f68f6a22bfd/go.mod h1:jcbbFE05G/Qb2fvECoPCRPmbgL430xaTKBGgcXExJQo=
golang.org/x/crypto v0.0.0-20210921155107-089bfa567519 h1:7I4JAnoQBe7ZtJcBaYHi5UtiO8tQHbUSXxL+pnGRANg=
golang.org/x/crypto v0.0.0-20210921155107-089bfa567519/go.mod h1:GvvjBRRGRdwPK5ydBHafDWAxML/pGHZbMvKqRZ5+Abc=
